
Microsoft Visual Studio Solution File, Format Version 12.00
# Visual Studio Version 17
VisualStudioVersion = 17.3.32804.467
MinimumVisualStudioVersion = 10.0.40219.1
Project("{FAE04EC0-301F-11D3-BF4B-00C04F79EFBC}") = "2022_SingleLinkedLists_VS2022", "2022_SingleLinkedLists_VS2022\2022_SingleLinkedLists_VS2022.csproj", "{BC8C0A6B-E155-494C-B841-8A9EC50EC8F5}"
EndProject
Global
	GlobalSection(SolutionConfigurationPlatforms) = preSolution
		Debug|Any CPU = Debug|Any CPU
		Release|Any CPU = Release|Any CPU
	EndGlobalSection
	GlobalSection(ProjectConfigurationPlatforms) = postSolution
		{BC8C0A6B-E155-494C-B841-8A9EC50EC8F5}.Debug|Any CPU.ActiveCfg = Debug|Any CPU
		{BC8C0A6B-E155-494C-B841-8A9EC50EC8F5}.Debug|Any CPU.Build.0 = Debug|Any CPU
		{BC8C0A6B-E155-494C-B841-8A9EC50EC8F5}.Release|Any CPU.ActiveCfg = Release|Any CPU
		{BC8C0A6B-E155-494C-B841-8A9EC50EC8F5}.Release|Any CPU.Build.0 = Release|Any CPU
	EndGlobalSection
	GlobalSection(SolutionProperties) = preSolution
		HideSolutionNode = FALSE
	EndGlobalSection
	GlobalSection(ExtensibilityGlobals) = postSolution
		SolutionGuid = {E6F34EB9-DF97-4E2D-A3CF-8A2B77706AE7}
	EndGlobalSection
EndGlobal
